
Microsoft Visual Studio Solution File, Format Version 12.00
# Visual Studio 2013
VisualStudioVersion = 12.0.40629.0
MinimumVisualStudioVersion = 10.0.40219.1
Project("{FAE04EC0-301F-11D3-BF4B-00C04F79EFBC}") = "MongoRepository.NET", "MongoRepository.NET\MongoRepository.NET.csproj", "{C9B08599-8DCA-4204-9A7D-272960C67E9B}"
EndProject
Project("{FAE04EC0-301F-11D3-BF4B-00C04F79EFBC}") = "MongoRepository", "MongoRepository\MongoRepository.csproj", "{5AF413EE-05F9-4E56-8F02-7C1CB44F8BAB}"
EndProject
Global
	GlobalSection(SolutionConfigurationPlatforms) = preSolution
		Debug|Any CPU = Debug|Any CPU
		Release|Any CPU = Release|Any CPU
	EndGlobalSection
	GlobalSection(ProjectConfigurationPlatforms) = postSolution
		{C9B08599-8DCA-4204-9A7D-272960C67E9B}.Debug|Any CPU.ActiveCfg = Debug|Any CPU
		{C9B08599-8DCA-4204-9A7D-272960C67E9B}.Debug|Any CPU.Build.0 = Debug|Any CPU
		{C9B08599-8DCA-4204-9A7D-272960C67E9B}.Release|Any CPU.ActiveCfg = Release|Any CPU
		{C9B08599-8DCA-4204-9A7D-272960C67E9B}.Release|Any CPU.Build.0 = Release|Any CPU
		{5AF413EE-05F9-4E56-8F02-7C1CB44F8BAB}.Debug|Any CPU.ActiveCfg = Debug|Any CPU
		{5AF413EE-05F9-4E56-8F02-7C1CB44F8BAB}.Debug|Any CPU.Build.0 = Debug|Any CPU
		{5AF413EE-05F9-4E56-8F02-7C1CB44F8BAB}.Release|Any CPU.ActiveCfg = Release|Any CPU
		{5AF413EE-05F9-4E56-8F02-7C1CB44F8BAB}.Release|Any CPU.Build.0 = Release|Any CPU
	EndGlobalSection
	GlobalSection(SolutionProperties) = preSolution
		HideSolutionNode = FALSE
	EndGlobalSection
EndGlobal
